<?xml version="1.0" encoding="utf-8"?>
<Project ToolsVersion="4.0" xmlns="http://schemas.microsoft.com/developer/msbuild/2003">
  <ItemGroup>
    <Filter Include="99.Default">
      <UniqueIdentifier>{bec1e715-0cd9-4415-86ab-8f6c5b9e3f59}</UniqueIdentifier>
    </Filter>
    <Filter Include="00.WinMain">
      <UniqueIdentifier>{dbcdb50a-88d1-4e2a-b2ea-71d708378a31}</UniqueIdentifier>
    </Filter>
    <Filter Include="01.MainGame">
      <UniqueIdentifier>{e93e486f-25e9-4bd1-9edb-05b7ee49e227}</UniqueIdentifier>
    </Filter>
    <Filter Include="90.Manager">
      <UniqueIdentifier>{3ae98e61-e6f3-42b1-9021-f2e60d1fef46}</UniqueIdentifier>
    </Filter>
    <Filter Include="10.GameObjects">
      <UniqueIdentifier>{c1d75c58-51f4-4d14-9621-d8415bef93b2}</UniqueIdentifier>
    </Filter>
    <Filter Include="80.Algorithm">
      <UniqueIdentifier>{9be2ed26-48e2-4365-9023-f1118910b6f5}</UniqueIdentifier>
    </Filter>
    <Filter Include="90.Manager\Keymgr">
      <UniqueIdentifier>{67f60920-4250-4da0-a5d7-47ffd9c2e005}</UniqueIdentifier>
    </Filter>
    <Filter Include="90.Manager\XMLMgr">
      <UniqueIdentifier>{f3773824-85ef-4bc2-b635-04aaf163ecfa}</UniqueIdentifier>
    </Filter>
    <Filter Include="90.Manager\TextureMgr">
      <UniqueIdentifier>{204c9149-99ad-407f-9df5-1d0ca8d440f2}</UniqueIdentifier>
    </Filter>
    <Filter Include="90.Manager\DeviceMgr">
      <UniqueIdentifier>{4dbba647-cf25-4b07-b635-7dc887282d3f}</UniqueIdentifier>
    </Filter>
    <Filter Include="10.GameObjects\Terrain">
      <UniqueIdentifier>{4cbd04f3-dcaa-434f-a0fc-2cfd2fee7693}</UniqueIdentifier>
    </Filter>
  </ItemGroup>
  <ItemGroup>
    <ClInclude Include="targetver.h">
      <Filter>99.Default</Filter>
    </ClInclude>
    <ClInclude Include="D2DFrameWork_Test.h">
      <Filter>99.Default</Filter>
    </ClInclude>
    <ClInclude Include="Resource.h">
      <Filter>99.Default</Filter>
    </ClInclude>
    <ClInclude Include="stdafx.h">
      <Filter>99.Default</Filter>
    </ClInclude>
    <ClInclude Include="MainGame.h">
      <Filter>01.MainGame</Filter>
    </ClInclude>
    <ClInclude Include="KeyManager.h">
      <Filter>90.Manager\Keymgr</Filter>
    </ClInclude>
    <ClInclude Include="XMLManager.h">
      <Filter>90.Manager\XMLMgr</Filter>
    </ClInclude>
    <ClInclude Include="MultiTexture.h">
      <Filter>90.Manager\TextureMgr</Filter>
    </ClInclude>
    <ClInclude Include="SingleTexture.h">
      <Filter>90.Manager\TextureMgr</Filter>
    </ClInclude>
    <ClInclude Include="Texture.h">
      <Filter>90.Manager\TextureMgr</Filter>
    </ClInclude>
    <ClInclude Include="TextureMgr.h">
      <Filter>90.Manager\TextureMgr</Filter>
    </ClInclude>
    <ClInclude Include="DeviceMgr.h">
      <Filter>90.Manager\DeviceMgr</Filter>
    </ClInclude>
    <ClInclude Include="GameObject.h">
      <Filter>10.GameObjects</Filter>
    </ClInclude>
    <ClInclude Include="Terrain.h" />
  </ItemGroup>
  <ItemGroup>
    <ClCompile Include="stdafx.cpp">
      <Filter>99.Default</Filter>
    </ClCompile>
    <ClCompile Include="D2DFrameWork_Test.cpp">
      <Filter>00.WinMain</Filter>
    </ClCompile>
    <ClCompile Include="MainGame.cpp">
      <Filter>01.MainGame</Filter>
    </ClCompile>
    <ClCompile Include="KeyManager.cpp">
      <Filter>90.Manager\Keymgr</Filter>
    </ClCompile>
    <ClCompile Include="XMLManager.cpp">
      <Filter>90.Manager\XMLMgr</Filter>
    </ClCompile>
    <ClCompile Include="tinyxml2.cpp">
      <Filter>99.Default</Filter>
    </ClCompile>
    <ClCompile Include="SingleTexture.cpp">
      <Filter>90.Manager\TextureMgr</Filter>
    </ClCompile>
    <ClCompile Include="Texture.cpp">
      <Filter>90.Manager\TextureMgr</Filter>
    </ClCompile>
    <ClCompile Include="TextureMgr.cpp">
      <Filter>90.Manager\TextureMgr</Filter>
    </ClCompile>
    <ClCompile Include="MultiTexture.cpp">
      <Filter>90.Manager\TextureMgr</Filter>
    </ClCompile>
    <ClCompile Include="DeviceMgr.cpp">
      <Filter>90.Manager\DeviceMgr</Filter>
    </ClCompile>
    <ClCompile Include="GameObject.cpp">
      <Filter>10.GameObjects</Filter>
    </ClCompile>
    <ClCompile Include="Terrain.cpp" />
  </ItemGroup>
  <ItemGroup>
    <Image Include="small.ico">
      <Filter>99.Default</Filter>
    </Image>
    <Image Include="D2DFrameWork_Test.ico">
      <Filter>99.Default</Filter>
    </Image>
  </ItemGroup>
  <ItemGroup>
    <ResourceCompile Include="D2DFrameWork_Test.rc">
      <Filter>99.Default</Filter>
    </ResourceCompile>
  </ItemGroup>
  <ItemGroup>
    <Text Include="ReadMe.txt">
      <Filter>99.Default</Filter>
    </Text>
  </ItemGroup>
</Project>